
Microsoft Visual Studio Solution File, Format Version 12.00
# Visual Studio Version 17
VisualStudioVersion = 17.4.33103.184
MinimumVisualStudioVersion = 10.0.40219.1
Project("{FAE04EC0-301F-11D3-BF4B-00C04F79EFBC}") = "MiddlewareDemo.Web", "MiddlewareDemo.Web\MiddlewareDemo.Web.csproj", "{7B1B0174-9897-404F-B840-4AB30A07DCFC}"
EndProject
Global
	GlobalSection(SolutionConfigurationPlatforms) = preSolution
		Debug|Any CPU = Debug|Any CPU
		Release|Any CPU = Release|Any CPU
	EndGlobalSection
	GlobalSection(ProjectConfigurationPlatforms) = postSolution
		{7B1B0174-9897-404F-B840-4AB30A07DCFC}.Debug|Any CPU.ActiveCfg = Debug|Any CPU
		{7B1B0174-9897-404F-B840-4AB30A07DCFC}.Debug|Any CPU.Build.0 = Debug|Any CPU
		{7B1B0174-9897-404F-B840-4AB30A07DCFC}.Release|Any CPU.ActiveCfg = Release|Any CPU
		{7B1B0174-9897-404F-B840-4AB30A07DCFC}.Release|Any CPU.Build.0 = Release|Any CPU
	EndGlobalSection
	GlobalSection(SolutionProperties) = preSolution
		HideSolutionNode = FALSE
	EndGlobalSection
	GlobalSection(ExtensibilityGlobals) = postSolution
		SolutionGuid = {E7B293DE-25D5-4766-A4C3-104C59DD9B56}
	EndGlobalSection
EndGlobal
